
Microsoft Visual Studio Solution File, Format Version 12.00
# Visual Studio Version 17
VisualStudioVersion = 17.3.32922.545
MinimumVisualStudioVersion = 10.0.40219.1
Project("{9A19103F-16F7-4668-BE54-9A1E7A4F7556}") = "EduCommerceWeb", "WebApplication2\EduCommerceWeb.csproj", "{A88F19B0-9C3B-483C-80A3-99525F76403C}"
EndProject
Global
	GlobalSection(SolutionConfigurationPlatforms) = preSolution
		Debug|Any CPU = Debug|Any CPU
		Release|Any CPU = Release|Any CPU
	EndGlobalSection
	GlobalSection(ProjectConfigurationPlatforms) = postSolution
		{A88F19B0-9C3B-483C-80A3-99525F76403C}.Debug|Any CPU.ActiveCfg = Debug|Any CPU
		{A88F19B0-9C3B-483C-80A3-99525F76403C}.Debug|Any CPU.Build.0 = Debug|Any CPU
		{A88F19B0-9C3B-483C-80A3-99525F76403C}.Release|Any CPU.ActiveCfg = Release|Any CPU
		{A88F19B0-9C3B-483C-80A3-99525F76403C}.Release|Any CPU.Build.0 = Release|Any CPU
	EndGlobalSection
	GlobalSection(SolutionProperties) = preSolution
		HideSolutionNode = FALSE
	EndGlobalSection
	GlobalSection(ExtensibilityGlobals) = postSolution
		SolutionGuid = {E016736B-ABAC-48A2-8CFD-D1AE68827EA8}
	EndGlobalSection
EndGlobal
